PODS:
  - Flutter (1.0.0)
  - MobileVLCKit (3.3.17)
  - vlc_flutter (0.0.1):
    - Flutter
    - MobileVLCKit

DEPENDENCIES:
  - Flutter (from `Flutter`)
  - vlc_flutter (from `.symlinks/plugins/vlc_flutter/ios`)

SPEC REPOS:
  trunk:
    - MobileVLCKit

EXTERNAL SOURCES:
  Flutter:
    :path: Flutter
  vlc_flutter:
    :path: ".symlinks/plugins/vlc_flutter/ios"

SPEC CHECKSUMS:
  Flutter: 50d75fe2f02b26cc09d224853bb45737f8b3214a
  MobileVLCKit: c5dd1b0ae933dc9c2348099840e753496dcdd908
  vlc_flutter: 9eeabf6ea51cc3724b7d20c188e6d8830756f975

PODFILE CHECKSUM: 8e679eca47255a8ca8067c4c67aab20e64cb974d

COCOAPODS: 1.10.1
